
Microsoft Visual Studio Solution File, Format Version 12.00
# Visual Studio 15
VisualStudioVersion = 15.0.28307.572
MinimumVisualStudioVersion = 10.0.40219.1
Project("{FAE04EC0-301F-11D3-BF4B-00C04F79EFBC}") = "AssigTwo", "AssigTwo\AssigTwo.csproj", "{DDF28E58-DE95-4DD0-8958-36F46B9ABF33}"
EndProject
Global
	GlobalSection(SolutionConfigurationPlatforms) = preSolution
		Debug|Any CPU = Debug|Any CPU
		Release|Any CPU = Release|Any CPU
	EndGlobalSection
	GlobalSection(ProjectConfigurationPlatforms) = postSolution
		{DDF28E58-DE95-4DD0-8958-36F46B9ABF33}.Debug|Any CPU.ActiveCfg = Debug|Any CPU
		{DDF28E58-DE95-4DD0-8958-36F46B9ABF33}.Debug|Any CPU.Build.0 = Debug|Any CPU
		{DDF28E58-DE95-4DD0-8958-36F46B9ABF33}.Release|Any CPU.ActiveCfg = Release|Any CPU
		{DDF28E58-DE95-4DD0-8958-36F46B9ABF33}.Release|Any CPU.Build.0 = Release|Any CPU
	EndGlobalSection
	GlobalSection(SolutionProperties) = preSolution
		HideSolutionNode = FALSE
	EndGlobalSection
	GlobalSection(ExtensibilityGlobals) = postSolution
		SolutionGuid = {9D108040-AF91-40F9-A3F6-53750E68481D}
	EndGlobalSection
EndGlobal
